
Microsoft Visual Studio Solution File, Format Version 12.00
# Visual Studio Version 17
VisualStudioVersion = 17.14.36915.13
MinimumVisualStudioVersion = 10.0.40219.1
Project("{FAE04EC0-301F-11D3-BF4B-00C04F79EFBC}") = "BlazorAppTest", "BlazorAppTest\BlazorAppTest.csproj", "{C2066DCE-68D5-4E9E-AC50-0CB36FE53957}"
EndProject
Project("{FAE04EC0-301F-11D3-BF4B-00C04F79EFBC}") = "SVLaixe", "SVLaixe\SVLaixe.csproj", "{AD4173F6-4F49-4D4D-8BF1-01430C8B3CB5}"
EndProject
Project("{FAE04EC0-301F-11D3-BF4B-00C04F79EFBC}") = "LaixeUnitTests", "LaixeUnitTests\LaixeUnitTests.csproj", "{5E24755E-4644-4E77-AD51-2437B0455468}"
EndProject
Global
	GlobalSection(SolutionConfigurationPlatforms) = preSolution
		Debug|Any CPU = Debug|Any CPU
		Release|Any CPU = Release|Any CPU
	EndGlobalSection
	GlobalSection(ProjectConfigurationPlatforms) = postSolution
		{C2066DCE-68D5-4E9E-AC50-0CB36FE53957}.Debug|Any CPU.ActiveCfg = Debug|Any CPU
		{C2066DCE-68D5-4E9E-AC50-0CB36FE53957}.Debug|Any CPU.Build.0 = Debug|Any CPU
		{C2066DCE-68D5-4E9E-AC50-0CB36FE53957}.Release|Any CPU.ActiveCfg = Release|Any CPU
		{C2066DCE-68D5-4E9E-AC50-0CB36FE53957}.Release|Any CPU.Build.0 = Release|Any CPU
		{AD4173F6-4F49-4D4D-8BF1-01430C8B3CB5}.Debug|Any CPU.ActiveCfg = Debug|Any CPU
		{AD4173F6-4F49-4D4D-8BF1-01430C8B3CB5}.Debug|Any CPU.Build.0 = Debug|Any CPU
		{AD4173F6-4F49-4D4D-8BF1-01430C8B3CB5}.Release|Any CPU.ActiveCfg = Release|Any CPU
		{AD4173F6-4F49-4D4D-8BF1-01430C8B3CB5}.Release|Any CPU.Build.0 = Release|Any CPU
		{5E24755E-4644-4E77-AD51-2437B0455468}.Debug|Any CPU.ActiveCfg = Debug|Any CPU
		{5E24755E-4644-4E77-AD51-2437B0455468}.Debug|Any CPU.Build.0 = Debug|Any CPU
		{5E24755E-4644-4E77-AD51-2437B0455468}.Release|Any CPU.ActiveCfg = Release|Any CPU
		{5E24755E-4644-4E77-AD51-2437B0455468}.Release|Any CPU.Build.0 = Release|Any CPU
	EndGlobalSection
	GlobalSection(SolutionProperties) = preSolution
		HideSolutionNode = FALSE
	EndGlobalSection
	GlobalSection(ExtensibilityGlobals) = postSolution
		SolutionGuid = {3A9370D0-EFC2-488C-8400-3B835C549179}
	EndGlobalSection
EndGlobal
